
Microsoft Visual Studio Solution File, Format Version 12.00
# Visual Studio 15
VisualStudioVersion = 15.0.27130.2020
MinimumVisualStudioVersion = 10.0.40219.1
Project("{FAE04EC0-301F-11D3-BF4B-00C04F79EFBC}") = "Caesar", "Caesar\Caesar.csproj", "{3B414F5D-5216-4DC7-9093-4A1B5EB7ED91}"
EndProject
Global
	GlobalSection(SolutionConfigurationPlatforms) = preSolution
		Debug|x86 = Debug|x86
		Release|x86 = Release|x86
	EndGlobalSection
	GlobalSection(ProjectConfigurationPlatforms) = postSolution
		{3B414F5D-5216-4DC7-9093-4A1B5EB7ED91}.Debug|x86.ActiveCfg = Debug|x86
		{3B414F5D-5216-4DC7-9093-4A1B5EB7ED91}.Debug|x86.Build.0 = Debug|x86
		{3B414F5D-5216-4DC7-9093-4A1B5EB7ED91}.Release|x86.ActiveCfg = Release|x86
		{3B414F5D-5216-4DC7-9093-4A1B5EB7ED91}.Release|x86.Build.0 = Release|x86
	EndGlobalSection
	GlobalSection(SolutionProperties) = preSolution
		HideSolutionNode = FALSE
	EndGlobalSection
	GlobalSection(ExtensibilityGlobals) = postSolution
		SolutionGuid = {F6D26561-9257-45F5-9E9C-1935D19E9ED6}
	EndGlobalSection
EndGlobal
